PODS:
  - DSJSONSchemaValidation (2.0.7)
  - TensorIO/Core (1.0.1):
    - DSJSONSchemaValidation
  - TensorIO/TensorFlow (1.0.1):
    - DSJSONSchemaValidation
    - TensorIO/Core
    - TensorIOTensorFlow (~> 1.13.0)
  - TensorIOTensorFlow (1.13.6)

DEPENDENCIES:
  - TensorIO/Core (~> 1.0.0)
  - TensorIO/TensorFlow (~> 1.0.0)

SPEC REPOS:
  trunk:
    - DSJSONSchemaValidation
    - TensorIO
    - TensorIOTensorFlow

SPEC CHECKSUMS:
  DSJSONSchemaValidation: 46e30ccfa9908c49d184f453d556f55aa0aac1ff
  TensorIO: 1cd798d391b0c6ee85bf9d1d2e153308722dd976
  TensorIOTensorFlow: 9da41ecb33073d226c592fe945a63437b973685a

PODFILE CHECKSUM: ab33d3b6327c49157029d55267fa31f48d63f07f

COCOAPODS: 1.9.1
